{
  "version": 4,
  "terraform_version": "1.5.2",
  "serial": 1,
  "lineage": "35ffc130-4cad-ee82-f604-c172921977ff",
  "outputs": {},
  "resources": [
    {
      "module": "module.project1_dir",
      "mode": "managed",
      "type": "null_resource",
      "name": "create_dir",
      "provider": "provider[\"registry.terraform.io/hashicorp/null\"]",
      "instances": [
        {
          "schema_version": 0,
          "attributes": {
            "id": "8067155014762266115",
            "triggers": null
          },
          "sensitive_attributes": []
        }
      ]
    },
    {
      "module": "module.project1_file",
      "mode": "managed",
      "type": "local_file",
      "name": "file",
      "provider": "provider[\"registry.terraform.io/hashicorp/local\"]",
      "instances": [
        {
          "schema_version": 0,
          "attributes": {
            "content": "This is Project 1.",
            "content_base64": null,
            "content_base64sha256": "Kx82NO4MEa56CA/M20xZ/46/Uex571lcdxnatTcp2g4=",
            "content_base64sha512": "mcWaUaJsENnuMDJvJHXXgO0v6DdpHG+8bGiNVnb5sarFJmF0T/rYL1xQihmAI7qq+k1G3MC7k0cTHXuDblSRLQ==",
            "content_md5": "0bde419e5966d52fc54d491386dacf78",
            "content_sha1": "cc97d985115c5d5fe13de74d3dce4b256b84f2d4",
            "content_sha256": "2b1f3634ee0c11ae7a080fccdb4c59ff8ebf51ec79ef595c7719dab53729da0e",
            "content_sha512": "99c59a51a26c10d9ee30326f2475d780ed2fe837691c6fbc6c688d5676f9b1aac52661744ffad82f5c508a198023baaafa4d46dcc0bb9347131d7b836e54912d",
            "directory_permission": "0777",
            "file_permission": "0777",
            "filename": "./project1_dir/file.txt",
            "id": "cc97d985115c5d5fe13de74d3dce4b256b84f2d4",
            "sensitive_content": null,
            "source": null
          },
          "sensitive_attributes": []
        }
      ]
    }
  ],
  "check_results": null
}
