{
  "version": 4,
  "terraform_version": "1.5.2",
  "serial": 3,
  "lineage": "20d33e07-a66f-e85b-86de-e2e4fa014736",
  "outputs": {},
  "resources": [
    {
      "module": "module.project2_dir",
      "mode": "managed",
      "type": "null_resource",
      "name": "create_dir",
      "provider": "provider[\"registry.terraform.io/hashicorp/null\"]",
      "instances": [
        {
          "schema_version": 0,
          "attributes": {
            "id": "1721207422312821373",
            "triggers": null
          },
          "sensitive_attributes": []
        }
      ]
    },
    {
      "module": "module.project2_file",
      "mode": "managed",
      "type": "local_file",
      "name": "file",
      "provider": "provider[\"registry.terraform.io/hashicorp/local\"]",
      "instances": [
        {
          "schema_version": 0,
          "attributes": {
            "content": "This is Project 2.",
            "content_base64": null,
            "content_base64sha256": "dAvLuTTgZiC9xfJUQUKupIoFh2FRy5XT8rZhN5cq/1Q=",
            "content_base64sha512": "YrAzZwD+zKa4Q86K25WQ8zEZL2xYiyKoHbR6/9ZxvcZHdXVl5meXvPz3dHk3vq0OQv7VWjvLjSDtzFw4eTG49w==",
            "content_md5": "fd183f888e04e8f0538dbb0fa1848d0a",
            "content_sha1": "249da2f623166e6e76287a30209fdfaea704694d",
            "content_sha256": "740bcbb934e06620bdc5f2544142aea48a05876151cb95d3f2b66137972aff54",
            "content_sha512": "62b0336700fecca6b843ce8adb9590f331192f6c588b22a81db47affd671bdc647757565e66797bcfcf7747937bead0e42fed55a3bcb8d20edcc5c387931b8f7",
            "directory_permission": "0777",
            "file_permission": "0777",
            "filename": "./project2_dir/file.txt",
            "id": "249da2f623166e6e76287a30209fdfaea704694d",
            "sensitive_content": null,
            "source": null
          },
          "sensitive_attributes": []
        }
      ]
    }
  ],
  "check_results": null
}
